# This file is automatically @generated by Cargo.
# It is not intended for manual editing.
version = 4

[[package]]
name = "servus-content"
version = "0.1.0"
dependencies = [
 "servus-sim",
]

[[package]]
name = "servus-game"
version = "0.1.0"
dependencies = [
 "servus-content",
 "servus-sim",
]

[[package]]
name = "servus-sim"
version = "0.1.0"
